
Microsoft Visual Studio Solution File, Format Version 12.00
Project("{FAE04EC0-301F-11D3-BF4B-00C04F79EFBC}") = "Normalizer", "Normalizer\Normalizer.csproj", "{F3D29990-DA58-4693-BA4E-2AC8774FC839}"
EndProject
Project("{FAE04EC0-301F-11D3-BF4B-00C04F79EFBC}") = "Loaders.SepFiles", "Loaders.SepFiles\Loaders.SepFiles.csproj", "{0E7ADE47-F1AA-4978-8DAF-822723B0E2D8}"
EndProject
Project("{FAE04EC0-301F-11D3-BF4B-00C04F79EFBC}") = "BioCXml", "BioCXml\BioCXml.csproj", "{1A64F8E0-72CE-40EA-9B62-A72FAE966D44}"
EndProject
Project("{FAE04EC0-301F-11D3-BF4B-00C04F79EFBC}") = "Normalizer.Levenshtein", "Normalizer.Levenshtein\Normalizer.Levenshtein.csproj", "{4ACB7F89-0C05-4145-B547-BB9EC7F8DBCF}"
EndProject
Project("{FAE04EC0-301F-11D3-BF4B-00C04F79EFBC}") = "Benchmarks", "Benchmarks\Benchmarks.csproj", "{1EC62752-2DFE-4521-8EDA-6C2F776430BD}"
EndProject
Project("{FAE04EC0-301F-11D3-BF4B-00C04F79EFBC}") = "Normalizer.Fastenshtein", "Normalizer.Fastenshtein\Normalizer.Fastenshtein.csproj", "{04B76B7D-D0E2-47F7-A650-B128191C6380}"
EndProject
Project("{FAE04EC0-301F-11D3-BF4B-00C04F79EFBC}") = "Tests", "Tests\Tests.csproj", "{C8A3DF8F-7E75-4766-9266-F7AA331A212B}"
EndProject
Project("{FAE04EC0-301F-11D3-BF4B-00C04F79EFBC}") = "WebApi", "WebApi\WebApi.csproj", "{A8D504AF-7965-4BD9-890F-466B7961296E}"
EndProject
Project("{FAE04EC0-301F-11D3-BF4B-00C04F79EFBC}") = "Loaders.Ncbi", "Loaders.Ncbi\Loaders.Ncbi.csproj", "{776212F0-65D5-4337-94A5-A931331163CD}"
EndProject
Project("{FAE04EC0-301F-11D3-BF4B-00C04F79EFBC}") = "Taxonomy", "Taxonomy\Taxonomy.csproj", "{FC945361-8EDF-4B3A-9E6E-2908F7455A24}"
EndProject
Global
	GlobalSection(SolutionConfigurationPlatforms) = preSolution
		Debug|Any CPU = Debug|Any CPU
		Release|Any CPU = Release|Any CPU
	EndGlobalSection
	GlobalSection(ProjectConfigurationPlatforms) = postSolution
		{F3D29990-DA58-4693-BA4E-2AC8774FC839}.Debug|Any CPU.ActiveCfg = Debug|Any CPU
		{F3D29990-DA58-4693-BA4E-2AC8774FC839}.Debug|Any CPU.Build.0 = Debug|Any CPU
		{F3D29990-DA58-4693-BA4E-2AC8774FC839}.Release|Any CPU.ActiveCfg = Release|Any CPU
		{F3D29990-DA58-4693-BA4E-2AC8774FC839}.Release|Any CPU.Build.0 = Release|Any CPU
		{0E7ADE47-F1AA-4978-8DAF-822723B0E2D8}.Debug|Any CPU.ActiveCfg = Debug|Any CPU
		{0E7ADE47-F1AA-4978-8DAF-822723B0E2D8}.Debug|Any CPU.Build.0 = Debug|Any CPU
		{0E7ADE47-F1AA-4978-8DAF-822723B0E2D8}.Release|Any CPU.ActiveCfg = Release|Any CPU
		{0E7ADE47-F1AA-4978-8DAF-822723B0E2D8}.Release|Any CPU.Build.0 = Release|Any CPU
		{1A64F8E0-72CE-40EA-9B62-A72FAE966D44}.Debug|Any CPU.ActiveCfg = Debug|Any CPU
		{1A64F8E0-72CE-40EA-9B62-A72FAE966D44}.Debug|Any CPU.Build.0 = Debug|Any CPU
		{1A64F8E0-72CE-40EA-9B62-A72FAE966D44}.Release|Any CPU.ActiveCfg = Release|Any CPU
		{1A64F8E0-72CE-40EA-9B62-A72FAE966D44}.Release|Any CPU.Build.0 = Release|Any CPU
		{4ACB7F89-0C05-4145-B547-BB9EC7F8DBCF}.Debug|Any CPU.ActiveCfg = Debug|Any CPU
		{4ACB7F89-0C05-4145-B547-BB9EC7F8DBCF}.Debug|Any CPU.Build.0 = Debug|Any CPU
		{4ACB7F89-0C05-4145-B547-BB9EC7F8DBCF}.Release|Any CPU.ActiveCfg = Release|Any CPU
		{4ACB7F89-0C05-4145-B547-BB9EC7F8DBCF}.Release|Any CPU.Build.0 = Release|Any CPU
		{1EC62752-2DFE-4521-8EDA-6C2F776430BD}.Debug|Any CPU.ActiveCfg = Debug|Any CPU
		{1EC62752-2DFE-4521-8EDA-6C2F776430BD}.Debug|Any CPU.Build.0 = Debug|Any CPU
		{1EC62752-2DFE-4521-8EDA-6C2F776430BD}.Release|Any CPU.ActiveCfg = Release|Any CPU
		{1EC62752-2DFE-4521-8EDA-6C2F776430BD}.Release|Any CPU.Build.0 = Release|Any CPU
		{04B76B7D-D0E2-47F7-A650-B128191C6380}.Debug|Any CPU.ActiveCfg = Debug|Any CPU
		{04B76B7D-D0E2-47F7-A650-B128191C6380}.Debug|Any CPU.Build.0 = Debug|Any CPU
		{04B76B7D-D0E2-47F7-A650-B128191C6380}.Release|Any CPU.ActiveCfg = Release|Any CPU
		{04B76B7D-D0E2-47F7-A650-B128191C6380}.Release|Any CPU.Build.0 = Release|Any CPU
		{C8A3DF8F-7E75-4766-9266-F7AA331A212B}.Debug|Any CPU.ActiveCfg = Debug|Any CPU
		{C8A3DF8F-7E75-4766-9266-F7AA331A212B}.Debug|Any CPU.Build.0 = Debug|Any CPU
		{C8A3DF8F-7E75-4766-9266-F7AA331A212B}.Release|Any CPU.ActiveCfg = Release|Any CPU
		{C8A3DF8F-7E75-4766-9266-F7AA331A212B}.Release|Any CPU.Build.0 = Release|Any CPU
		{A8D504AF-7965-4BD9-890F-466B7961296E}.Debug|Any CPU.ActiveCfg = Debug|Any CPU
		{A8D504AF-7965-4BD9-890F-466B7961296E}.Debug|Any CPU.Build.0 = Debug|Any CPU
		{A8D504AF-7965-4BD9-890F-466B7961296E}.Release|Any CPU.ActiveCfg = Release|Any CPU
		{A8D504AF-7965-4BD9-890F-466B7961296E}.Release|Any CPU.Build.0 = Release|Any CPU
		{776212F0-65D5-4337-94A5-A931331163CD}.Debug|Any CPU.ActiveCfg = Debug|Any CPU
		{776212F0-65D5-4337-94A5-A931331163CD}.Debug|Any CPU.Build.0 = Debug|Any CPU
		{776212F0-65D5-4337-94A5-A931331163CD}.Release|Any CPU.ActiveCfg = Release|Any CPU
		{776212F0-65D5-4337-94A5-A931331163CD}.Release|Any CPU.Build.0 = Release|Any CPU
		{FC945361-8EDF-4B3A-9E6E-2908F7455A24}.Debug|Any CPU.ActiveCfg = Debug|Any CPU
		{FC945361-8EDF-4B3A-9E6E-2908F7455A24}.Debug|Any CPU.Build.0 = Debug|Any CPU
		{FC945361-8EDF-4B3A-9E6E-2908F7455A24}.Release|Any CPU.ActiveCfg = Release|Any CPU
		{FC945361-8EDF-4B3A-9E6E-2908F7455A24}.Release|Any CPU.Build.0 = Release|Any CPU
	EndGlobalSection
	GlobalSection(RiderSharedRunConfigurations) = postSolution
		File = backend\.run\Publish PreonSharpWebApi to folder.run.xml
	EndGlobalSection
EndGlobal
